
Microsoft Visual Studio Solution File, Format Version 12.00
# Visual Studio Version 16
VisualStudioVersion = 16.0.30611.23
MinimumVisualStudioVersion = 10.0.40219.1
Project("{FAE04EC0-301F-11D3-BF4B-00C04F79EFBC}") = "shipLog", "shipLog\shipLog.csproj", "{02C5DCB1-A604-410E-AE0D-E37E11B89FE3}"
EndProject
Global
	GlobalSection(SolutionConfigurationPlatforms) = preSolution
		Debug|Any CPU = Debug|Any CPU
		Release|Any CPU = Release|Any CPU
	EndGlobalSection
	GlobalSection(ProjectConfigurationPlatforms) = postSolution
		{02C5DCB1-A604-410E-AE0D-E37E11B89FE3}.Debug|Any CPU.ActiveCfg = Debug|Any CPU
		{02C5DCB1-A604-410E-AE0D-E37E11B89FE3}.Debug|Any CPU.Build.0 = Debug|Any CPU
		{02C5DCB1-A604-410E-AE0D-E37E11B89FE3}.Release|Any CPU.ActiveCfg = Release|Any CPU
		{02C5DCB1-A604-410E-AE0D-E37E11B89FE3}.Release|Any CPU.Build.0 = Release|Any CPU
	EndGlobalSection
	GlobalSection(SolutionProperties) = preSolution
		HideSolutionNode = FALSE
	EndGlobalSection
	GlobalSection(ExtensibilityGlobals) = postSolution
		SolutionGuid = {97497B25-84DD-40D4-91B6-48637CA04523}
	EndGlobalSection
EndGlobal
